
Microsoft Visual Studio Solution File, Format Version 12.00
# Visual Studio Version 17
VisualStudioVersion = 17.14.36518.9 d17.14
MinimumVisualStudioVersion = 10.0.40219.1
Project("{FAE04EC0-301F-11D3-BF4B-00C04F79EFBC}") = "RepositoryManager", "RepositoryManager.csproj", "{3798C562-97D4-4E77-A30E-D8E31161F031}"
EndProject
Project("{FAE04EC0-301F-11D3-BF4B-00C04F79EFBC}") = "RepositoryManager_test", "..\RepositoryManager_test\RepositoryManager_test.csproj", "{E94E4EFB-5786-4335-8040-3F216DBCB85F}"
EndProject
Global
	GlobalSection(SolutionConfigurationPlatforms) = preSolution
		Debug|Any CPU = Debug|Any CPU
		Release|Any CPU = Release|Any CPU
	EndGlobalSection
	GlobalSection(ProjectConfigurationPlatforms) = postSolution
		{3798C562-97D4-4E77-A30E-D8E31161F031}.Debug|Any CPU.ActiveCfg = Debug|Any CPU
		{3798C562-97D4-4E77-A30E-D8E31161F031}.Debug|Any CPU.Build.0 = Debug|Any CPU
		{3798C562-97D4-4E77-A30E-D8E31161F031}.Release|Any CPU.ActiveCfg = Release|Any CPU
		{3798C562-97D4-4E77-A30E-D8E31161F031}.Release|Any CPU.Build.0 = Release|Any CPU
		{E94E4EFB-5786-4335-8040-3F216DBCB85F}.Debug|Any CPU.ActiveCfg = Debug|Any CPU
		{E94E4EFB-5786-4335-8040-3F216DBCB85F}.Debug|Any CPU.Build.0 = Debug|Any CPU
		{E94E4EFB-5786-4335-8040-3F216DBCB85F}.Release|Any CPU.ActiveCfg = Release|Any CPU
		{E94E4EFB-5786-4335-8040-3F216DBCB85F}.Release|Any CPU.Build.0 = Release|Any CPU
	EndGlobalSection
	GlobalSection(SolutionProperties) = preSolution
		HideSolutionNode = FALSE
	EndGlobalSection
	GlobalSection(ExtensibilityGlobals) = postSolution
		SolutionGuid = {3A87DB9A-2780-421D-AB7A-57C7990AF2EC}
	EndGlobalSection
EndGlobal
